
Microsoft Visual Studio Solution File, Format Version 12.00
# Visual Studio Version 16
VisualStudioVersion = 16.0.30621.155
MinimumVisualStudioVersion = 10.0.40219.1
Project("{FAE04EC0-301F-11D3-BF4B-00C04F79EFBC}") = "Indexes", "Indexes\Indexes.csproj", "{86076705-8943-4191-8B51-5735B1E71004}"
EndProject
Global
	GlobalSection(SolutionConfigurationPlatforms) = preSolution
		Debug|Any CPU = Debug|Any CPU
		Release|Any CPU = Release|Any CPU
	EndGlobalSection
	GlobalSection(ProjectConfigurationPlatforms) = postSolution
		{86076705-8943-4191-8B51-5735B1E71004}.Debug|Any CPU.ActiveCfg = Debug|Any CPU
		{86076705-8943-4191-8B51-5735B1E71004}.Debug|Any CPU.Build.0 = Debug|Any CPU
		{86076705-8943-4191-8B51-5735B1E71004}.Release|Any CPU.ActiveCfg = Release|Any CPU
		{86076705-8943-4191-8B51-5735B1E71004}.Release|Any CPU.Build.0 = Release|Any CPU
	EndGlobalSection
	GlobalSection(SolutionProperties) = preSolution
		HideSolutionNode = FALSE
	EndGlobalSection
	GlobalSection(ExtensibilityGlobals) = postSolution
		SolutionGuid = {F8015031-4ACF-42C8-B8BA-3489A3B3DDAC}
	EndGlobalSection
EndGlobal
